
Microsoft Visual Studio Solution File, Format Version 12.00
# Visual Studio Version 16
VisualStudioVersion = 16.0.30503.244
MinimumVisualStudioVersion = 10.0.40219.1
Project("{FAE04EC0-301F-11D3-BF4B-00C04F79EFBC}") = "A New windows class thing", "A New windows class thing\A New windows class thing.csproj", "{B63DA871-7ADB-4997-BE0A-C8F1CC4F100F}"
EndProject
Global
	GlobalSection(SolutionConfigurationPlatforms) = preSolution
		Debug|Any CPU = Debug|Any CPU
		Release|Any CPU = Release|Any CPU
	EndGlobalSection
	GlobalSection(ProjectConfigurationPlatforms) = postSolution
		{B63DA871-7ADB-4997-BE0A-C8F1CC4F100F}.Debug|Any CPU.ActiveCfg = Debug|Any CPU
		{B63DA871-7ADB-4997-BE0A-C8F1CC4F100F}.Debug|Any CPU.Build.0 = Debug|Any CPU
		{B63DA871-7ADB-4997-BE0A-C8F1CC4F100F}.Release|Any CPU.ActiveCfg = Release|Any CPU
		{B63DA871-7ADB-4997-BE0A-C8F1CC4F100F}.Release|Any CPU.Build.0 = Release|Any CPU
	EndGlobalSection
	GlobalSection(SolutionProperties) = preSolution
		HideSolutionNode = FALSE
	EndGlobalSection
	GlobalSection(ExtensibilityGlobals) = postSolution
		SolutionGuid = {4A57C9A3-9661-4F86-A06E-4DE9E3FF3ACE}
	EndGlobalSection
EndGlobal
